
Microsoft Visual Studio Solution File, Format Version 12.00
# Visual Studio Version 16
VisualStudioVersion = 16.0.31105.61
MinimumVisualStudioVersion = 10.0.40219.1
Project("{FAE04EC0-301F-11D3-BF4B-00C04F79EFBC}") = "Application", "KontorMøbler\Application.csproj", "{D6D5E7B6-E484-43EC-B5FA-AD459BF82827}"
EndProject
Project("{2150E333-8FDC-42A3-9474-1A3956D46DE8}") = "src", "src", "{DE0D93AE-AECE-4EDC-82CA-FC821AAEAED1}"
EndProject
Project("{2150E333-8FDC-42A3-9474-1A3956D46DE8}") = "tests", "tests", "{78B11EDF-CEA4-4302-82DD-E53D70DB7E24}"
EndProject
Project("{FAE04EC0-301F-11D3-BF4B-00C04F79EFBC}") = "Application.Tests", "Application.Tests\Application.Tests.csproj", "{95322AA8-E021-447A-A6DA-CD7340D74815}"
EndProject
Global
	GlobalSection(SolutionConfigurationPlatforms) = preSolution
		Debug|Any CPU = Debug|Any CPU
		Release|Any CPU = Release|Any CPU
	EndGlobalSection
	GlobalSection(ProjectConfigurationPlatforms) = postSolution
		{D6D5E7B6-E484-43EC-B5FA-AD459BF82827}.Debug|Any CPU.ActiveCfg = Debug|Any CPU
		{D6D5E7B6-E484-43EC-B5FA-AD459BF82827}.Debug|Any CPU.Build.0 = Debug|Any CPU
		{D6D5E7B6-E484-43EC-B5FA-AD459BF82827}.Release|Any CPU.ActiveCfg = Release|Any CPU
		{D6D5E7B6-E484-43EC-B5FA-AD459BF82827}.Release|Any CPU.Build.0 = Release|Any CPU
		{95322AA8-E021-447A-A6DA-CD7340D74815}.Debug|Any CPU.ActiveCfg = Debug|Any CPU
		{95322AA8-E021-447A-A6DA-CD7340D74815}.Debug|Any CPU.Build.0 = Debug|Any CPU
		{95322AA8-E021-447A-A6DA-CD7340D74815}.Release|Any CPU.ActiveCfg = Release|Any CPU
		{95322AA8-E021-447A-A6DA-CD7340D74815}.Release|Any CPU.Build.0 = Release|Any CPU
	EndGlobalSection
	GlobalSection(SolutionProperties) = preSolution
		HideSolutionNode = FALSE
	EndGlobalSection
	GlobalSection(NestedProjects) = preSolution
		{D6D5E7B6-E484-43EC-B5FA-AD459BF82827} = {DE0D93AE-AECE-4EDC-82CA-FC821AAEAED1}
		{95322AA8-E021-447A-A6DA-CD7340D74815} = {78B11EDF-CEA4-4302-82DD-E53D70DB7E24}
	EndGlobalSection
	GlobalSection(ExtensibilityGlobals) = postSolution
		SolutionGuid = {BDFD1EFC-B02A-46BF-990B-83C55328C80B}
	EndGlobalSection
EndGlobal
